// !$*UTF8*$!
{
	archiveVersion = 1;
	classes = {
	};
	objectVersion = 46;
	objects = {

/* Begin PBXBuildFile section */
		41F07BB218793A8E00C92708 /* Foundation.framework in Frameworks */ = {isa = PBXBuildFile; fileRef = 41F07BB118793A8E00C92708 /* Foundation.framework */; };
		41F07BB418793A8E00C92708 /* CoreGraphics.framework in Frameworks */ = {isa = PBXBuildFile; fileRef = 41F07BB318793A8E00C92708 /* CoreGraphics.framework */; };
		41F07BB618793A8E00C92708 /* UIKit.framework in Frameworks */ = {isa = PBXBuildFile; fileRef = 41F07BB518793A8E00C92708 /* UIKit.framework */; };
		41F07BBC18793A8E00C92708 /* InfoPlist.strings in Resources */ = {isa = PBXBuildFile; fileRef = 41F07BBA18793A8E00C92708 /* InfoPlist.strings */; };
		41F07BBE18793A8E00C92708 /* main.m in Sources */ = {isa = PBXBuildFile; fileRef = 41F07BBD18793A8E00C92708 /* main.m */; };
		41F07BC218793A8E00C92708 /* FCAppDelegate.m in Sources */ = {isa = PBXBuildFile; fileRef = 41F07BC118793A8E00C92708 /* FCAppDelegate.m */; };
		41F07BC518793A8E00C92708 /* Main.storyboard in Resources */ = {isa = PBXBuildFile; fileRef = 41F07BC318793A8E00C92708 /* Main.storyboard */; };
		41F07BC818793A8E00C92708 /* FCViewController.m in Sources */ = {isa = PBXBuildFile; fileRef = 41F07BC718793A8E00C92708 /* FCViewController.m */; };
		41F07BCA18793A8E00C92708 /* Images.xcassets in Resources */ = {isa = PBXBuildFile; fileRef = 41F07BC918793A8E00C92708 /* Images.xcassets */; };
		41F07BD118793A8E00C92708 /* XCTest.framework in Frameworks */ = {isa = PBXBuildFile; fileRef = 41F07BD018793A8E00C92708 /* XCTest.framework */; };
		41F07BD218793A8E00C92708 /* Foundation.framework in Frameworks */ = {isa = PBXBuildFile; fileRef = 41F07BB118793A8E00C92708 /* Foundation.framework */; };
		41F07BD318793A8E00C92708 /* UIKit.framework in Frameworks */ = {isa = PBXBuildFile; fileRef = 41F07BB518793A8E00C92708 /* UIKit.framework */; };
		41F07BDB18793A8E00C92708 /* InfoPlist.strings in Resources */ = {isa = PBXBuildFile; fileRef = 41F07BD918793A8E00C92708 /* InfoPlist.strings */; };
		41F07BDD18793A8E00C92708 /* FlashCardsTests.m in Sources */ = {isa = PBXBuildFile; fileRef = 41F07BDC18793A8E00C92708 /* FlashCardsTests.m */; };
		41F07BE81879464D00C92708 /* FCCardViewController.m in Sources */ = {isa = PBXBuildFile; fileRef = 41F07BE71879464D00C92708 /* FCCardViewController.m */; };
		41F07BEB1879469A00C92708 /* FCResultViewController.m in Sources */ = {isa = PBXBuildFile; fileRef = 41F07BEA1879469A00C92708 /* FCResultViewController.m */; };
		41F07BEE1879701000C92708 /* FCCard.m in Sources */ = {isa = PBXBuildFile; fileRef = 41F07BED1879701000C92708 /* FCCard.m */; };
		41F07BF11879775500C92708 /* FCAnswerKey.m in Sources */ = {isa = PBXBuildFile; fileRef = 41F07BF01879775500C92708 /* FCAnswerKey.m */; };
		41F07BF4187979CF00C92708 /* FCGame.m in Sources */ = {isa = PBXBuildFile; fileRef = 41F07BF3187979CF00C92708 /* FCGame.m */; };
/* End PBXBuildFile section */

/* Begin PBXContainerItemProxy section */
		41F07BD418793A8E00C92708 /* PBXContainerItemProxy */ = {
			isa = PBXContainerItemProxy;
			containerPortal = 41F07BA618793A8E00C92708 /* Project object */;
			proxyType = 1;
			remoteGlobalIDString = 41F07BAD18793A8E00C92708;
			remoteInfo = FlashCards;
		};
/* End PBXContainerItemProxy section */

/* Begin PBXFileReference section */
		41F07BAE18793A8E00C92708 /* FlashCards.app */ = {isa = PBXFileReference; explicitFileType = wrapper.application; includeInIndex = 0; path = FlashCards.app; sourceTree = BUILT_PRODUCTS_DIR; };
		41F07BB118793A8E00C92708 /* Foundation.framework */ = {isa = PBXFileReference; lastKnownFileType = wrapper.framework; name = Foundation.framework; path = System/Library/Frameworks/Foundation.framework; sourceTree = SDKROOT; };
		41F07BB318793A8E00C92708 /* CoreGraphics.framework */ = {isa = PBXFileReference; lastKnownFileType = wrapper.framework; name = CoreGraphics.framework; path = System/Library/Frameworks/CoreGraphics.framework; sourceTree = SDKROOT; };
		41F07BB518793A8E00C92708 /* UIKit.framework */ = {isa = PBXFileReference; lastKnownFileType = wrapper.framework; name = UIKit.framework; path = System/Library/Frameworks/UIKit.framework; sourceTree = SDKROOT; };
		41F07BB918793A8E00C92708 /* FlashCards-Info.plist */ = {isa = PBXFileReference; lastKnownFileType = text.plist.xml; path = "FlashCards-Info.plist"; sourceTree = "<group>"; };
		41F07BBB18793A8E00C92708 /* en */ = {isa = PBXFileReference; lastKnownFileType = text.plist.strings; name = en; path = en.lproj/InfoPlist.strings; sourceTree = "<group>"; };
		41F07BBD18793A8E00C92708 /* main.m */ = {isa = PBXFileReference; lastKnownFileType = sourcecode.c.objc; path = main.m; sourceTree = "<group>"; };
		41F07BBF18793A8E00C92708 /* FlashCards-Prefix.pch */ = {isa = PBXFileReference; lastKnownFileType = sourcecode.c.h; path = "FlashCards-Prefix.pch"; sourceTree = "<group>"; };
		41F07BC018793A8E00C92708 /* FCAppDelegate.h */ = {isa = PBXFileReference; lastKnownFileType = sourcecode.c.h; path = FCAppDelegate.h; sourceTree = "<group>"; };
		41F07BC118793A8E00C92708 /* FCAppDelegate.m */ = {isa = PBXFileReference; lastKnownFileType = sourcecode.c.objc; path = FCAppDelegate.m; sourceTree = "<group>"; };
		41F07BC418793A8E00C92708 /* Base */ = {isa = PBXFileReference; lastKnownFileType = file.storyboard; name = Base; path = Base.lproj/Main.storyboard; sourceTree = "<group>"; };
		41F07BC618793A8E00C92708 /* FCViewController.h */ = {isa = PBXFileReference; lastKnownFileType = sourcecode.c.h; path = FCViewController.h; sourceTree = "<group>"; };
		41F07BC718793A8E00C92708 /* FCViewController.m */ = {isa = PBXFileReference; lastKnownFileType = sourcecode.c.objc; path = FCViewController.m; sourceTree = "<group>"; };
		41F07BC918793A8E00C92708 /* Images.xcassets */ = {isa = PBXFileReference; lastKnownFileType = folder.assetcatalog; path = Images.xcassets; sourceTree = "<group>"; };
		41F07BCF18793A8E00C92708 /* FlashCardsTests.xctest */ = {isa = PBXFileReference; explicitFileType = wrapper.cfbundle; includeInIndex = 0; path = FlashCardsTests.xctest; sourceTree = BUILT_PRODUCTS_DIR; };
		41F07BD018793A8E00C92708 /* XCTest.framework */ = {isa = PBXFileReference; lastKnownFileType = wrapper.framework; name = XCTest.framework; path = Library/Frameworks/XCTest.framework; sourceTree = DEVELOPER_DIR; };
		41F07BD818793A8E00C92708 /* FlashCardsTests-Info.plist */ = {isa = PBXFileReference; lastKnownFileType = text.plist.xml; path = "FlashCardsTests-Info.plist"; sourceTree = "<group>"; };
		41F07BDA18793A8E00C92708 /* en */ = {isa = PBXFileReference; lastKnownFileType = text.plist.strings; name = en; path = en.lproj/InfoPlist.strings; sourceTree = "<group>"; };
		41F07BDC18793A8E00C92708 /* FlashCardsTests.m */ = {isa = PBXFileReference; lastKnownFileType = sourcecode.c.objc; path = FlashCardsTests.m; sourceTree = "<group>"; };
		41F07BE61879464D00C92708 /* FCCardViewController.h */ = {isa = PBXFileReference; fileEncoding = 4; lastKnownFileType = sourcecode.c.h; path = FCCardViewController.h; sourceTree = "<group>"; };
		41F07BE71879464D00C92708 /* FCCardViewController.m */ = {isa = PBXFileReference; fileEncoding = 4; lastKnownFileType = sourcecode.c.objc; path = FCCardViewController.m; sourceTree = "<group>"; };
		41F07BE91879469A00C92708 /* FCResultViewController.h */ = {isa = PBXFileReference; fileEncoding = 4; lastKnownFileType = sourcecode.c.h; path = FCResultViewController.h; sourceTree = "<group>"; };
		41F07BEA1879469A00C92708 /* FCResultViewController.m */ = {isa = PBXFileReference; fileEncoding = 4; lastKnownFileType = sourcecode.c.objc; path = FCResultViewController.m; sourceTree = "<group>"; };
		41F07BEC1879701000C92708 /* FCCard.h */ = {isa = PBXFileReference; fileEncoding = 4; lastKnownFileType = sourcecode.c.h; path = FCCard.h; sourceTree = "<group>"; };
		41F07BED1879701000C92708 /* FCCard.m */ = {isa = PBXFileReference; fileEncoding = 4; lastKnownFileType = sourcecode.c.objc; path = FCCard.m; sourceTree = "<group>"; };
		41F07BEF1879775500C92708 /* FCAnswerKey.h */ = {isa = PBXFileReference; fileEncoding = 4; lastKnownFileType = sourcecode.c.h; path = FCAnswerKey.h; sourceTree = "<group>"; };
		41F07BF01879775500C92708 /* FCAnswerKey.m */ = {isa = PBXFileReference; fileEncoding = 4; lastKnownFileType = sourcecode.c.objc; path = FCAnswerKey.m; sourceTree = "<group>"; };
		41F07BF2187979CF00C92708 /* FCGame.h */ = {isa = PBXFileReference; fileEncoding = 4; lastKnownFileType = sourcecode.c.h; path = FCGame.h; sourceTree = "<group>"; };
		41F07BF3187979CF00C92708 /* FCGame.m */ = {isa = PBXFileReference; fileEncoding = 4; lastKnownFileType = sourcecode.c.objc; path = FCGame.m; sourceTree = "<group>"; };
/* End PBXFileReference section */

/* Begin PBXFrameworksBuildPhase section */
		41F07BAB18793A8E00C92708 /* Frameworks */ = {
			isa = PBXFrameworksBuildPhase;
			buildActionMask = 2147483647;
			files = (
				41F07BB418793A8E00C92708 /* CoreGraphics.framework in Frameworks */,
				41F07BB618793A8E00C92708 /* UIKit.framework in Frameworks */,
				41F07BB218793A8E00C92708 /* Foundation.framework in Frameworks */,
			);
			runOnlyForDeploymentPostprocessing = 0;
		};
		41F07BCC18793A8E00C92708 /* Frameworks */ = {
			isa = PBXFrameworksBuildPhase;
			buildActionMask = 2147483647;
			files = (
				41F07BD118793A8E00C92708 /* XCTest.framework in Frameworks */,
				41F07BD318793A8E00C92708 /* UIKit.framework in Frameworks */,
				41F07BD218793A8E00C92708 /* Foundation.framework in Frameworks */,
			);
			runOnlyForDeploymentPostprocessing = 0;
		};
/* End PBXFrameworksBuildPhase section */

/* Begin PBXGroup section */
		41F07BA518793A8E00C92708 = {
			isa = PBXGroup;
			children = (
				41F07BB718793A8E00C92708 /* FlashCards */,
				41F07BD618793A8E00C92708 /* FlashCardsTests */,
				41F07BB018793A8E00C92708 /* Frameworks */,
				41F07BAF18793A8E00C92708 /* Products */,
			);
			sourceTree = "<group>";
		};
		41F07BAF18793A8E00C92708 /* Products */ = {
			isa = PBXGroup;
			children = (
				41F07BAE18793A8E00C92708 /* FlashCards.app */,
				41F07BCF18793A8E00C92708 /* FlashCardsTests.xctest */,
			);
			name = Products;
			sourceTree = "<group>";
		};
		41F07BB018793A8E00C92708 /* Frameworks */ = {
			isa = PBXGroup;
			children = (
				41F07BB118793A8E00C92708 /* Foundation.framework */,
				41F07BB318793A8E00C92708 /* CoreGraphics.framework */,
				41F07BB518793A8E00C92708 /* UIKit.framework */,
				41F07BD018793A8E00C92708 /* XCTest.framework */,
			);
			name = Frameworks;
			sourceTree = "<group>";
		};
		41F07BB718793A8E00C92708 /* FlashCards */ = {
			isa = PBXGroup;
			children = (
				41F07BC018793A8E00C92708 /* FCAppDelegate.h */,
				41F07BC118793A8E00C92708 /* FCAppDelegate.m */,
				41F07BC318793A8E00C92708 /* Main.storyboard */,
				41F07BE61879464D00C92708 /* FCCardViewController.h */,
				41F07BEC1879701000C92708 /* FCCard.h */,
				41F07BED1879701000C92708 /* FCCard.m */,
				41F07BEF1879775500C92708 /* FCAnswerKey.h */,
				41F07BF01879775500C92708 /* FCAnswerKey.m */,
				41F07BF2187979CF00C92708 /* FCGame.h */,
				41F07BF3187979CF00C92708 /* FCGame.m */,
				41F07BE71879464D00C92708 /* FCCardViewController.m */,
				41F07BE91879469A00C92708 /* FCResultViewController.h */,
				41F07BEA1879469A00C92708 /* FCResultViewController.m */,
				41F07BC618793A8E00C92708 /* FCViewController.h */,
				41F07BC718793A8E00C92708 /* FCViewController.m */,
				41F07BC918793A8E00C92708 /* Images.xcassets */,
				41F07BB818793A8E00C92708 /* Supporting Files */,
			);
			path = FlashCards;
			sourceTree = "<group>";
		};
		41F07BB818793A8E00C92708 /* Supporting Files */ = {
			isa = PBXGroup;
			children = (
				41F07BB918793A8E00C92708 /* FlashCards-Info.plist */,
				41F07BBA18793A8E00C92708 /* InfoPlist.strings */,
				41F07BBD18793A8E00C92708 /* main.m */,
				41F07BBF18793A8E00C92708 /* FlashCards-Prefix.pch */,
			);
			name = "Supporting Files";
			sourceTree = "<group>";
		};
		41F07BD618793A8E00C92708 /* FlashCardsTests */ = {
			isa = PBXGroup;
			children = (
				41F07BDC18793A8E00C92708 /* FlashCardsTests.m */,
				41F07BD718793A8E00C92708 /* Supporting Files */,
			);
			path = FlashCardsTests;
			sourceTree = "<group>";
		};
		41F07BD718793A8E00C92708 /* Supporting Files */ = {
			isa = PBXGroup;
			children = (
				41F07BD818793A8E00C92708 /* FlashCardsTests-Info.plist */,
				41F07BD918793A8E00C92708 /* InfoPlist.strings */,
			);
			name = "Supporting Files";
			sourceTree = "<group>";
		};
/* End PBXGroup section */

/* Begin PBXNativeTarget section */
		41F07BAD18793A8E00C92708 /* FlashCards */ = {
			isa = PBXNativeTarget;
			buildConfigurationList = 41F07BE018793A8E00C92708 /* Build configuration list for PBXNativeTarget "FlashCards" */;
			buildPhases = (
				41F07BAA18793A8E00C92708 /* Sources */,
				41F07BAB18793A8E00C92708 /* Frameworks */,
				41F07BAC18793A8E00C92708 /* Resources */,
			);
			buildRules = (
			);
			dependencies = (
			);
			name = FlashCards;
			productName = FlashCards;
			productReference = 41F07BAE18793A8E00C92708 /* FlashCards.app */;
			productType = "com.apple.product-type.application";
		};
		41F07BCE18793A8E00C92708 /* FlashCardsTests */ = {
			isa = PBXNativeTarget;
			buildConfigurationList = 41F07BE318793A8E00C92708 /* Build configuration list for PBXNativeTarget "FlashCardsTests" */;
			buildPhases = (
				41F07BCB18793A8E00C92708 /* Sources */,
				41F07BCC18793A8E00C92708 /* Frameworks */,
				41F07BCD18793A8E00C92708 /* Resources */,
			);
			buildRules = (
			);
			dependencies = (
				41F07BD518793A8E00C92708 /* PBXTargetDependency */,
			);
			name = FlashCardsTests;
			productName = FlashCardsTests;
			productReference = 41F07BCF18793A8E00C92708 /* FlashCardsTests.xctest */;
			productType = "com.apple.product-type.bundle.unit-test";
		};
/* End PBXNativeTarget section */

/* Begin PBXProject section */
		41F07BA618793A8E00C92708 /* Project object */ = {
			isa = PBXProject;
			attributes = {
				CLASSPREFIX = FC;
				LastUpgradeCheck = 0500;
				ORGANIZATIONNAME = ikite;
				TargetAttributes = {
					41F07BCE18793A8E00C92708 = {
						TestTargetID = 41F07BAD18793A8E00C92708;
					};
				};
			};
			buildConfigurationList = 41F07BA918793A8E00C92708 /* Build configuration list for PBXProject "FlashCards" */;
			compatibilityVersion = "Xcode 3.2";
			developmentRegion = English;
			hasScannedForEncodings = 0;
			knownRegions = (
				en,
				Base,
			);
			mainGroup = 41F07BA518793A8E00C92708;
			productRefGroup = 41F07BAF18793A8E00C92708 /* Products */;
			projectDirPath = "";
			projectRoot = "";
			targets = (
				41F07BAD18793A8E00C92708 /* FlashCards */,
				41F07BCE18793A8E00C92708 /* FlashCardsTests */,
			);
		};
/* End PBXProject section */

/* Begin PBXResourcesBuildPhase section */
		41F07BAC18793A8E00C92708 /* Resources */ = {
			isa = PBXResourcesBuildPhase;
			buildActionMask = 2147483647;
			files = (
				41F07BCA18793A8E00C92708 /* Images.xcassets in Resources */,
				41F07BBC18793A8E00C92708 /* InfoPlist.strings in Resources */,
				41F07BC518793A8E00C92708 /* Main.storyboard in Resources */,
			);
			runOnlyForDeploymentPostprocessing = 0;
		};
		41F07BCD18793A8E00C92708 /* Resources */ = {
			isa = PBXResourcesBuildPhase;
			buildActionMask = 2147483647;
			files = (
				41F07BDB18793A8E00C92708 /* InfoPlist.strings in Resources */,
			);
			runOnlyForDeploymentPostprocessing = 0;
		};
/* End PBXResourcesBuildPhase section */

/* Begin PBXSourcesBuildPhase section */
		41F07BAA18793A8E00C92708 /* Sources */ = {
			isa = PBXSourcesBuildPhase;
			buildActionMask = 2147483647;
			files = (
				41F07BBE18793A8E00C92708 /* main.m in Sources */,
				41F07BC218793A8E00C92708 /* FCAppDelegate.m in Sources */,
				41F07BEB1879469A00C92708 /* FCResultViewController.m in Sources */,
				41F07BF11879775500C92708 /* FCAnswerKey.m in Sources */,
				41F07BC818793A8E00C92708 /* FCViewController.m in Sources */,
				41F07BEE1879701000C92708 /* FCCard.m in Sources */,
				41F07BF4187979CF00C92708 /* FCGame.m in Sources */,
				41F07BE81879464D00C92708 /* FCCardViewController.m in Sources */,
			);
			runOnlyForDeploymentPostprocessing = 0;
		};
		41F07BCB18793A8E00C92708 /* Sources */ = {
			isa = PBXSourcesBuildPhase;
			buildActionMask = 2147483647;
			files = (
				41F07BDD18793A8E00C92708 /* FlashCardsTests.m in Sources */,
			);
			runOnlyForDeploymentPostprocessing = 0;
		};
/* End PBXSourcesBuildPhase section */

/* Begin PBXTargetDependency section */
		41F07BD518793A8E00C92708 /* PBXTargetDependency */ = {
			isa = PBXTargetDependency;
			target = 41F07BAD18793A8E00C92708 /* FlashCards */;
			targetProxy = 41F07BD418793A8E00C92708 /* PBXContainerItemProxy */;
		};
/* End PBXTargetDependency section */

/* Begin PBXVariantGroup section */
		41F07BBA18793A8E00C92708 /* InfoPlist.strings */ = {
			isa = PBXVariantGroup;
			children = (
				41F07BBB18793A8E00C92708 /* en */,
			);
			name = InfoPlist.strings;
			sourceTree = "<group>";
		};
		41F07BC318793A8E00C92708 /* Main.storyboard */ = {
			isa = PBXVariantGroup;
			children = (
				41F07BC418793A8E00C92708 /* Base */,
			);
			name = Main.storyboard;
			sourceTree = "<group>";
		};
		41F07BD918793A8E00C92708 /* InfoPlist.strings */ = {
			isa = PBXVariantGroup;
			children = (
				41F07BDA18793A8E00C92708 /* en */,
			);
			name = InfoPlist.strings;
			sourceTree = "<group>";
		};
/* End PBXVariantGroup section */

/* Begin XCBuildConfiguration section */
		41F07BDE18793A8E00C92708 /* Debug */ = {
			isa = XCBuildConfiguration;
			buildSettings = {
				ALWAYS_SEARCH_USER_PATHS = NO;
				ARCHS = "$(ARCHS_STANDARD_INCLUDING_64_BIT)";
				CLANG_CXX_LANGUAGE_STANDARD = "gnu++0x";
				CLANG_CXX_LIBRARY = "libc++";
				CLANG_ENABLE_MODULES = YES;
				CLANG_ENABLE_OBJC_ARC = YES;
				CLANG_WARN_BOOL_CONVERSION = YES;
				CLANG_WARN_CONSTANT_CONVERSION = YES;
				CLANG_WARN_DIRECT_OBJC_ISA_USAGE = YES_ERROR;
				CLANG_WARN_EMPTY_BODY = YES;
				CLANG_WARN_ENUM_CONVERSION = YES;
				CLANG_WARN_INT_CONVERSION = YES;
				CLANG_WARN_OBJC_ROOT_CLASS = YES_ERROR;
				CLANG_WARN__DUPLICATE_METHOD_MATCH = YES;
				"CODE_SIGN_IDENTITY[sdk=iphoneos*]" = "iPhone Developer";
				COPY_PHASE_STRIP = NO;
				GCC_C_LANGUAGE_STANDARD = gnu99;
				GCC_DYNAMIC_NO_PIC = NO;
				GCC_OPTIMIZATION_LEVEL = 0;
				GCC_PREPROCESSOR_DEFINITIONS = (
					"DEBUG=1",
					"$(inherited)",
				);
				GCC_SYMBOLS_PRIVATE_EXTERN = NO;
				GCC_WARN_64_TO_32_BIT_CONVERSION = YES;
				GCC_WARN_ABOUT_RETURN_TYPE = YES_ERROR;
				GCC_WARN_UNDECLARED_SELECTOR = YES;
				GCC_WARN_UNINITIALIZED_AUTOS = YES;
				GCC_WARN_UNUSED_FUNCTION = YES;
				GCC_WARN_UNUSED_VARIABLE = YES;
				IPHONEOS_DEPLOYMENT_TARGET = 7.0;
				ONLY_ACTIVE_ARCH = YES;
				SDKROOT = iphoneos;
			};
			name = Debug;
		};
		41F07BDF18793A8E00C92708 /* Release */ = {
			isa = XCBuildConfiguration;
			buildSettings = {
				ALWAYS_SEARCH_USER_PATHS = NO;
				ARCHS = "$(ARCHS_STANDARD_INCLUDING_64_BIT)";
				CLANG_CXX_LANGUAGE_STANDARD = "gnu++0x";
				CLANG_CXX_LIBRARY = "libc++";
				CLANG_ENABLE_MODULES = YES;
				CLANG_ENABLE_OBJC_ARC = YES;
				CLANG_WARN_BOOL_CONVERSION = YES;
				CLANG_WARN_CONSTANT_CONVERSION = YES;
				CLANG_WARN_DIRECT_OBJC_ISA_USAGE = YES_ERROR;
				CLANG_WARN_EMPTY_BODY = YES;
				CLANG_WARN_ENUM_CONVERSION = YES;
				CLANG_WARN_INT_CONVERSION = YES;
				CLANG_WARN_OBJC_ROOT_CLASS = YES_ERROR;
				CLANG_WARN__DUPLICATE_METHOD_MATCH = YES;
				"CODE_SIGN_IDENTITY[sdk=iphoneos*]" = "iPhone Developer";
				COPY_PHASE_STRIP = YES;
				ENABLE_NS_ASSERTIONS = NO;
				GCC_C_LANGUAGE_STANDARD = gnu99;
				GCC_WARN_64_TO_32_BIT_CONVERSION = YES;
				GCC_WARN_ABOUT_RETURN_TYPE = YES_ERROR;
				GCC_WARN_UNDECLARED_SELECTOR = YES;
				GCC_WARN_UNINITIALIZED_AUTOS = YES;
				GCC_WARN_UNUSED_FUNCTION = YES;
				GCC_WARN_UNUSED_VARIABLE = YES;
				IPHONEOS_DEPLOYMENT_TARGET = 7.0;
				SDKROOT = iphoneos;
				VALIDATE_PRODUCT = YES;
			};
			name = Release;
		};
		41F07BE118793A8E00C92708 /* Debug */ = {
			isa = XCBuildConfiguration;
			buildSettings = {
				ASSETCATALOG_COMPILER_APPICON_NAME = AppIcon;
				ASSETCATALOG_COMPILER_LAUNCHIMAGE_NAME = LaunchImage;
				GCC_PRECOMPILE_PREFIX_HEADER = YES;
				GCC_PREFIX_HEADER = "FlashCards/FlashCards-Prefix.pch";
				INFOPLIST_FILE = "FlashCards/FlashCards-Info.plist";
				PRODUCT_NAME = "$(TARGET_NAME)";
				WRAPPER_EXTENSION = app;
			};
			name = Debug;
		};
		41F07BE218793A8E00C92708 /* Release */ = {
			isa = XCBuildConfiguration;
			buildSettings = {
				ASSETCATALOG_COMPILER_APPICON_NAME = AppIcon;
				ASSETCATALOG_COMPILER_LAUNCHIMAGE_NAME = LaunchImage;
				GCC_PRECOMPILE_PREFIX_HEADER = YES;
				GCC_PREFIX_HEADER = "FlashCards/FlashCards-Prefix.pch";
				INFOPLIST_FILE = "FlashCards/FlashCards-Info.plist";
				PRODUCT_NAME = "$(TARGET_NAME)";
				WRAPPER_EXTENSION = app;
			};
			name = Release;
		};
		41F07BE418793A8E00C92708 /* Debug */ = {
			isa = XCBuildConfiguration;
			buildSettings = {
				ARCHS = "$(ARCHS_STANDARD_INCLUDING_64_BIT)";
				BUNDLE_LOADER = "$(BUILT_PRODUCTS_DIR)/FlashCards.app/FlashCards";
				FRAMEWORK_SEARCH_PATHS = (
					"$(SDKROOT)/Developer/Library/Frameworks",
					"$(inherited)",
					"$(DEVELOPER_FRAMEWORKS_DIR)",
				);
				GCC_PRECOMPILE_PREFIX_HEADER = YES;
				GCC_PREFIX_HEADER = "FlashCards/FlashCards-Prefix.pch";
				GCC_PREPROCESSOR_DEFINITIONS = (
					"DEBUG=1",
					"$(inherited)",
				);
				INFOPLIST_FILE = "FlashCardsTests/FlashCardsTests-Info.plist";
				PRODUCT_NAME = "$(TARGET_NAME)";
				TEST_HOST = "$(BUNDLE_LOADER)";
				WRAPPER_EXTENSION = xctest;
			};
			name = Debug;
		};
		41F07BE518793A8E00C92708 /* Release */ = {
			isa = XCBuildConfiguration;
			buildSettings = {
				ARCHS = "$(ARCHS_STANDARD_INCLUDING_64_BIT)";
				BUNDLE_LOADER = "$(BUILT_PRODUCTS_DIR)/FlashCards.app/FlashCards";
				FRAMEWORK_SEARCH_PATHS = (
					"$(SDKROOT)/Developer/Library/Frameworks",
					"$(inherited)",
					"$(DEVELOPER_FRAMEWORKS_DIR)",
				);
				GCC_PRECOMPILE_PREFIX_HEADER = YES;
				GCC_PREFIX_HEADER = "FlashCards/FlashCards-Prefix.pch";
				INFOPLIST_FILE = "FlashCardsTests/FlashCardsTests-Info.plist";
				PRODUCT_NAME = "$(TARGET_NAME)";
				TEST_HOST = "$(BUNDLE_LOADER)";
				WRAPPER_EXTENSION = xctest;
			};
			name = Release;
		};
/* End XCBuildConfiguration section */

/* Begin XCConfigurationList section */
		41F07BA918793A8E00C92708 /* Build configuration list for PBXProject "FlashCards" */ = {
			isa = XCConfigurationList;
			buildConfigurations = (
				41F07BDE18793A8E00C92708 /* Debug */,
				41F07BDF18793A8E00C92708 /* Release */,
			);
			defaultConfigurationIsVisible = 0;
			defaultConfigurationName = Release;
		};
		41F07BE018793A8E00C92708 /* Build configuration list for PBXNativeTarget "FlashCards" */ = {
			isa = XCConfigurationList;
			buildConfigurations = (
				41F07BE118793A8E00C92708 /* Debug */,
				41F07BE218793A8E00C92708 /* Release */,
			);
			defaultConfigurationIsVisible = 0;
			defaultConfigurationName = Release;
		};
		41F07BE318793A8E00C92708 /* Build configuration list for PBXNativeTarget "FlashCardsTests" */ = {
			isa = XCConfigurationList;
			buildConfigurations = (
				41F07BE418793A8E00C92708 /* Debug */,
				41F07BE518793A8E00C92708 /* Release */,
			);
			defaultConfigurationIsVisible = 0;
			defaultConfigurationName = Release;
		};
/* End XCConfigurationList section */
	};
	rootObject = 41F07BA618793A8E00C92708 /* Project object */;
}
